
Microsoft Visual Studio Solution File, Format Version 12.00
# Visual Studio 14
VisualStudioVersion = 14.0.25420.1
MinimumVisualStudioVersion = 10.0.40219.1
Project("{FAE04EC0-301F-11D3-BF4B-00C04F79EFBC}") = "DTO", "DTO\DTO.csproj", "{99FE45A1-7D28-4DB7-B258-F71795B4A3BA}"
EndProject
Project("{FAE04EC0-301F-11D3-BF4B-00C04F79EFBC}") = "DAL", "DAL\DAL.csproj", "{31B9A487-2504-4A80-8965-864158DCC6EB}"
EndProject
Project("{FAE04EC0-301F-11D3-BF4B-00C04F79EFBC}") = "BLL", "BLL\BLL.csproj", "{2047E0E3-262E-4F20-A1C3-9F032CC369CD}"
EndProject
Project("{FAE04EC0-301F-11D3-BF4B-00C04F79EFBC}") = "WF", "WF\WF.csproj", "{959665F4-41A4-4695-A64E-634E817893EC}"
EndProject
Project("{FAE04EC0-301F-11D3-BF4B-00C04F79EFBC}") = "Web", "Web\Web.csproj", "{035762F6-6E70-4BFC-A66B-14E0BCB7BC05}"
	ProjectSection(ProjectDependencies) = postProject
		{99FE45A1-7D28-4DB7-B258-F71795B4A3BA} = {99FE45A1-7D28-4DB7-B258-F71795B4A3BA}
		{2047E0E3-262E-4F20-A1C3-9F032CC369CD} = {2047E0E3-262E-4F20-A1C3-9F032CC369CD}
	EndProjectSection
EndProject
Project("{FAE04EC0-301F-11D3-BF4B-00C04F79EFBC}") = "LoginMVC", "LoginMVC\LoginMVC.csproj", "{639570D7-48F3-4897-AAB7-E4C0E3C3D4E5}"
EndProject
Global
	GlobalSection(SolutionConfigurationPlatforms) = preSolution
		Debug|Any CPU = Debug|Any CPU
		Debug|x86 = Debug|x86
		Release|Any CPU = Release|Any CPU
		Release|x86 = Release|x86
	EndGlobalSection
	GlobalSection(ProjectConfigurationPlatforms) = postSolution
		{99FE45A1-7D28-4DB7-B258-F71795B4A3BA}.Debug|Any CPU.ActiveCfg = Debug|Any CPU
		{99FE45A1-7D28-4DB7-B258-F71795B4A3BA}.Debug|Any CPU.Build.0 = Debug|Any CPU
		{99FE45A1-7D28-4DB7-B258-F71795B4A3BA}.Debug|x86.ActiveCfg = Debug|x86
		{99FE45A1-7D28-4DB7-B258-F71795B4A3BA}.Debug|x86.Build.0 = Debug|x86
		{99FE45A1-7D28-4DB7-B258-F71795B4A3BA}.Release|Any CPU.ActiveCfg = Release|Any CPU
		{99FE45A1-7D28-4DB7-B258-F71795B4A3BA}.Release|Any CPU.Build.0 = Release|Any CPU
		{99FE45A1-7D28-4DB7-B258-F71795B4A3BA}.Release|x86.ActiveCfg = Release|x86
		{99FE45A1-7D28-4DB7-B258-F71795B4A3BA}.Release|x86.Build.0 = Release|x86
		{31B9A487-2504-4A80-8965-864158DCC6EB}.Debug|Any CPU.ActiveCfg = Debug|Any CPU
		{31B9A487-2504-4A80-8965-864158DCC6EB}.Debug|Any CPU.Build.0 = Debug|Any CPU
		{31B9A487-2504-4A80-8965-864158DCC6EB}.Debug|x86.ActiveCfg = Debug|x86
		{31B9A487-2504-4A80-8965-864158DCC6EB}.Debug|x86.Build.0 = Debug|x86
		{31B9A487-2504-4A80-8965-864158DCC6EB}.Release|Any CPU.ActiveCfg = Release|Any CPU
		{31B9A487-2504-4A80-8965-864158DCC6EB}.Release|Any CPU.Build.0 = Release|Any CPU
		{31B9A487-2504-4A80-8965-864158DCC6EB}.Release|x86.ActiveCfg = Release|x86
		{31B9A487-2504-4A80-8965-864158DCC6EB}.Release|x86.Build.0 = Release|x86
		{2047E0E3-262E-4F20-A1C3-9F032CC369CD}.Debug|Any CPU.ActiveCfg = Debug|Any CPU
		{2047E0E3-262E-4F20-A1C3-9F032CC369CD}.Debug|Any CPU.Build.0 = Debug|Any CPU
		{2047E0E3-262E-4F20-A1C3-9F032CC369CD}.Debug|x86.ActiveCfg = Debug|x86
		{2047E0E3-262E-4F20-A1C3-9F032CC369CD}.Debug|x86.Build.0 = Debug|x86
		{2047E0E3-262E-4F20-A1C3-9F032CC369CD}.Release|Any CPU.ActiveCfg = Release|Any CPU
		{2047E0E3-262E-4F20-A1C3-9F032CC369CD}.Release|Any CPU.Build.0 = Release|Any CPU
		{2047E0E3-262E-4F20-A1C3-9F032CC369CD}.Release|x86.ActiveCfg = Release|x86
		{2047E0E3-262E-4F20-A1C3-9F032CC369CD}.Release|x86.Build.0 = Release|x86
		{959665F4-41A4-4695-A64E-634E817893EC}.Debug|Any CPU.ActiveCfg = Debug|Any CPU
		{959665F4-41A4-4695-A64E-634E817893EC}.Debug|Any CPU.Build.0 = Debug|Any CPU
		{959665F4-41A4-4695-A64E-634E817893EC}.Debug|x86.ActiveCfg = Debug|x86
		{959665F4-41A4-4695-A64E-634E817893EC}.Debug|x86.Build.0 = Debug|x86
		{959665F4-41A4-4695-A64E-634E817893EC}.Release|Any CPU.ActiveCfg = Release|Any CPU
		{959665F4-41A4-4695-A64E-634E817893EC}.Release|Any CPU.Build.0 = Release|Any CPU
		{959665F4-41A4-4695-A64E-634E817893EC}.Release|x86.ActiveCfg = Release|x86
		{959665F4-41A4-4695-A64E-634E817893EC}.Release|x86.Build.0 = Release|x86
		{035762F6-6E70-4BFC-A66B-14E0BCB7BC05}.Debug|Any CPU.ActiveCfg = Debug|Any CPU
		{035762F6-6E70-4BFC-A66B-14E0BCB7BC05}.Debug|Any CPU.Build.0 = Debug|Any CPU
		{035762F6-6E70-4BFC-A66B-14E0BCB7BC05}.Debug|x86.ActiveCfg = Debug|Any CPU
		{035762F6-6E70-4BFC-A66B-14E0BCB7BC05}.Debug|x86.Build.0 = Debug|Any CPU
		{035762F6-6E70-4BFC-A66B-14E0BCB7BC05}.Release|Any CPU.ActiveCfg = Release|Any CPU
		{035762F6-6E70-4BFC-A66B-14E0BCB7BC05}.Release|Any CPU.Build.0 = Release|Any CPU
		{035762F6-6E70-4BFC-A66B-14E0BCB7BC05}.Release|x86.ActiveCfg = Release|Any CPU
		{035762F6-6E70-4BFC-A66B-14E0BCB7BC05}.Release|x86.Build.0 = Release|Any CPU
		{639570D7-48F3-4897-AAB7-E4C0E3C3D4E5}.Debug|Any CPU.ActiveCfg = Debug|Any CPU
		{639570D7-48F3-4897-AAB7-E4C0E3C3D4E5}.Debug|Any CPU.Build.0 = Debug|Any CPU
		{639570D7-48F3-4897-AAB7-E4C0E3C3D4E5}.Debug|x86.ActiveCfg = Debug|Any CPU
		{639570D7-48F3-4897-AAB7-E4C0E3C3D4E5}.Debug|x86.Build.0 = Debug|Any CPU
		{639570D7-48F3-4897-AAB7-E4C0E3C3D4E5}.Release|Any CPU.ActiveCfg = Release|Any CPU
		{639570D7-48F3-4897-AAB7-E4C0E3C3D4E5}.Release|Any CPU.Build.0 = Release|Any CPU
		{639570D7-48F3-4897-AAB7-E4C0E3C3D4E5}.Release|x86.ActiveCfg = Release|Any CPU
		{639570D7-48F3-4897-AAB7-E4C0E3C3D4E5}.Release|x86.Build.0 = Release|Any CPU
	EndGlobalSection
	GlobalSection(SolutionProperties) = preSolution
		HideSolutionNode = FALSE
	EndGlobalSection
EndGlobal
